
Microsoft Visual Studio Solution File, Format Version 12.00
# Visual Studio 15
VisualStudioVersion = 15.0.27703.2042
MinimumVisualStudioVersion = 10.0.40219.1
Project("{FAE04EC0-301F-11D3-BF4B-00C04F79EFBC}") = "LastMVC.net", "MVC.net\LastMVC.net.csproj", "{FBDCF145-AF23-414B-88A8-A052961B3D24}"
EndProject
Project("{FAE04EC0-301F-11D3-BF4B-00C04F79EFBC}") = "Test", "Test\Test.csproj", "{051E25C0-521A-49BA-AF53-AC9200FCF4F4}"
EndProject
Global
	GlobalSection(SolutionConfigurationPlatforms) = preSolution
		Debug|Any CPU = Debug|Any CPU
		Release|Any CPU = Release|Any CPU
	EndGlobalSection
	GlobalSection(ProjectConfigurationPlatforms) = postSolution
		{FBDCF145-AF23-414B-88A8-A052961B3D24}.Debug|Any CPU.ActiveCfg = Debug|Any CPU
		{FBDCF145-AF23-414B-88A8-A052961B3D24}.Debug|Any CPU.Build.0 = Debug|Any CPU
		{FBDCF145-AF23-414B-88A8-A052961B3D24}.Release|Any CPU.ActiveCfg = Release|Any CPU
		{FBDCF145-AF23-414B-88A8-A052961B3D24}.Release|Any CPU.Build.0 = Release|Any CPU
		{051E25C0-521A-49BA-AF53-AC9200FCF4F4}.Debug|Any CPU.ActiveCfg = Debug|Any CPU
		{051E25C0-521A-49BA-AF53-AC9200FCF4F4}.Debug|Any CPU.Build.0 = Debug|Any CPU
		{051E25C0-521A-49BA-AF53-AC9200FCF4F4}.Release|Any CPU.ActiveCfg = Release|Any CPU
		{051E25C0-521A-49BA-AF53-AC9200FCF4F4}.Release|Any CPU.Build.0 = Release|Any CPU
	EndGlobalSection
	GlobalSection(SolutionProperties) = preSolution
		HideSolutionNode = FALSE
	EndGlobalSection
	GlobalSection(ExtensibilityGlobals) = postSolution
		SolutionGuid = {DB2C9E24-9ED2-4DCA-95C2-2098E4C47787}
	EndGlobalSection
EndGlobal
